
Microsoft Visual Studio Solution File, Format Version 12.00
# Visual Studio Version 16
VisualStudioVersion = 16.0.29806.167
MinimumVisualStudioVersion = 10.0.40219.1
Project("{9A19103F-16F7-4668-BE54-9A1E7A4F7556}") = "CardsAgainstHumanity.Application", "CardsAgainstHumanity.Application\CardsAgainstHumanity.Application.csproj", "{A05F7262-F3D8-4656-A4E1-2ADE7730970C}"
EndProject
Project("{9A19103F-16F7-4668-BE54-9A1E7A4F7556}") = "CardsAgainstHumanity.Api", "CardsAgainstHumanity.Api\CardsAgainstHumanity.Api.csproj", "{D8FC4973-8B14-4028-B9B3-13EC62D60FFA}"
EndProject
Project("{9A19103F-16F7-4668-BE54-9A1E7A4F7556}") = "CardsAgainstHumanity.UI", "CardsAgainstHumanity.UI\CardsAgainstHumanity.UI.csproj", "{4A876232-8C21-4E77-A0BB-570E4970D065}"
EndProject
Project("{2150E333-8FDC-42A3-9474-1A3956D46DE8}") = "Build", "Build", "{76A5CF87-848A-46F5-AAE0-F9FAB86E995A}"
	ProjectSection(SolutionItems) = preProject
		.gitignore = .gitignore
		Directory.Build.props = Directory.Build.props
		NuGet.Config = NuGet.Config
		README.md = README.md
		version.json = version.json
	EndProjectSection
EndProject
Project("{2150E333-8FDC-42A3-9474-1A3956D46DE8}") = "Pipeline", "Pipeline", "{72C0E8DA-ABFA-4EFD-9FA7-3A9C26CD8276}"
	ProjectSection(SolutionItems) = preProject
		azure-pipelines.yml = azure-pipelines.yml
		Build\build.yml = Build\build.yml
		Build\release.yml = Build\release.yml
	EndProjectSection
EndProject
Global
	GlobalSection(SolutionConfigurationPlatforms) = preSolution
		Debug|Any CPU = Debug|Any CPU
		Release|Any CPU = Release|Any CPU
	EndGlobalSection
	GlobalSection(ProjectConfigurationPlatforms) = postSolution
		{A05F7262-F3D8-4656-A4E1-2ADE7730970C}.Debug|Any CPU.ActiveCfg = Debug|Any CPU
		{A05F7262-F3D8-4656-A4E1-2ADE7730970C}.Debug|Any CPU.Build.0 = Debug|Any CPU
		{A05F7262-F3D8-4656-A4E1-2ADE7730970C}.Release|Any CPU.ActiveCfg = Release|Any CPU
		{A05F7262-F3D8-4656-A4E1-2ADE7730970C}.Release|Any CPU.Build.0 = Release|Any CPU
		{D8FC4973-8B14-4028-B9B3-13EC62D60FFA}.Debug|Any CPU.ActiveCfg = Debug|Any CPU
		{D8FC4973-8B14-4028-B9B3-13EC62D60FFA}.Debug|Any CPU.Build.0 = Debug|Any CPU
		{D8FC4973-8B14-4028-B9B3-13EC62D60FFA}.Release|Any CPU.ActiveCfg = Release|Any CPU
		{D8FC4973-8B14-4028-B9B3-13EC62D60FFA}.Release|Any CPU.Build.0 = Release|Any CPU
		{4A876232-8C21-4E77-A0BB-570E4970D065}.Debug|Any CPU.ActiveCfg = Debug|Any CPU
		{4A876232-8C21-4E77-A0BB-570E4970D065}.Debug|Any CPU.Build.0 = Debug|Any CPU
		{4A876232-8C21-4E77-A0BB-570E4970D065}.Release|Any CPU.ActiveCfg = Release|Any CPU
		{4A876232-8C21-4E77-A0BB-570E4970D065}.Release|Any CPU.Build.0 = Release|Any CPU
	EndGlobalSection
	GlobalSection(SolutionProperties) = preSolution
		HideSolutionNode = FALSE
	EndGlobalSection
	GlobalSection(NestedProjects) = preSolution
		{72C0E8DA-ABFA-4EFD-9FA7-3A9C26CD8276} = {76A5CF87-848A-46F5-AAE0-F9FAB86E995A}
	EndGlobalSection
	GlobalSection(ExtensibilityGlobals) = postSolution
		SolutionGuid = {9B7EA341-4115-43E4-A750-59587FCA152A}
	EndGlobalSection
EndGlobal
