
Microsoft Visual Studio Solution File, Format Version 12.00
# Visual Studio Version 18
VisualStudioVersion = 18.3.11222.16
MinimumVisualStudioVersion = 10.0.40219.1
Project("{9A19103F-16F7-4668-BE54-9A1E7A4F7556}") = "CardsAgainstHumanity.Application", "CardsAgainstHumanity.Application\CardsAgainstHumanity.Application.csproj", "{A05F7262-F3D8-4656-A4E1-2ADE7730970C}"
EndProject
Project("{FAE04EC0-301F-11D3-BF4B-00C04F79EFBC}") = "CardsAgainstHumanity.Api", "CardsAgainstHumanity.Api\CardsAgainstHumanity.Api.csproj", "{6A3901DA-8CF4-497C-A838-EEC6DFAD31C5}"
EndProject
Global
	GlobalSection(SolutionConfigurationPlatforms) = preSolution
		Debug|Any CPU = Debug|Any CPU
		Release|Any CPU = Release|Any CPU
	EndGlobalSection
	GlobalSection(ProjectConfigurationPlatforms) = postSolution
		{A05F7262-F3D8-4656-A4E1-2ADE7730970C}.Debug|Any CPU.ActiveCfg = Debug|Any CPU
		{A05F7262-F3D8-4656-A4E1-2ADE7730970C}.Debug|Any CPU.Build.0 = Debug|Any CPU
		{A05F7262-F3D8-4656-A4E1-2ADE7730970C}.Release|Any CPU.ActiveCfg = Release|Any CPU
		{A05F7262-F3D8-4656-A4E1-2ADE7730970C}.Release|Any CPU.Build.0 = Release|Any CPU
		{6A3901DA-8CF4-497C-A838-EEC6DFAD31C5}.Debug|Any CPU.ActiveCfg = Debug|Any CPU
		{6A3901DA-8CF4-497C-A838-EEC6DFAD31C5}.Debug|Any CPU.Build.0 = Debug|Any CPU
		{6A3901DA-8CF4-497C-A838-EEC6DFAD31C5}.Release|Any CPU.ActiveCfg = Release|Any CPU
		{6A3901DA-8CF4-497C-A838-EEC6DFAD31C5}.Release|Any CPU.Build.0 = Release|Any CPU
	EndGlobalSection
	GlobalSection(SolutionProperties) = preSolution
		HideSolutionNode = FALSE
	EndGlobalSection
	GlobalSection(ExtensibilityGlobals) = postSolution
		SolutionGuid = {9B7EA341-4115-43E4-A750-59587FCA152A}
	EndGlobalSection
EndGlobal
